// !$*UTF8*$!
{
	archiveVersion = 1;
	classes = {
	};
	objectVersion = 46;
	objects = {

/* Begin PBXBuildFile section */
		9808711E1E1B857000FE43DA /* main.m in Sources */ = {isa = PBXBuildFile; fileRef = 9808711D1E1B857000FE43DA /* main.m */; };
		980871211E1B857000FE43DA /* AppDelegate.m in Sources */ = {isa = PBXBuildFile; fileRef = 980871201E1B857000FE43DA /* AppDelegate.m */; };
		980871271E1B857000FE43DA /* Main.storyboard in Resources */ = {isa = PBXBuildFile; fileRef = 980871251E1B857000FE43DA /* Main.storyboard */; };
		980871291E1B857000FE43DA /* Assets.xcassets in Resources */ = {isa = PBXBuildFile; fileRef = 980871281E1B857000FE43DA /* Assets.xcassets */; };
		9808712C1E1B857000FE43DA /* LaunchScreen.storyboard in Resources */ = {isa = PBXBuildFile; fileRef = 9808712A1E1B857000FE43DA /* LaunchScreen.storyboard */; };
		980871371E1B857000FE43DA /* xhcfTests.m in Sources */ = {isa = PBXBuildFile; fileRef = 980871361E1B857000FE43DA /* xhcfTests.m */; };
		980871421E1B857000FE43DA /* xhcfUITests.m in Sources */ = {isa = PBXBuildFile; fileRef = 980871411E1B857000FE43DA /* xhcfUITests.m */; };
		980871511E1B88AE00FE43DA /* NotifyViewController.m in Sources */ = {isa = PBXBuildFile; fileRef = 980871501E1B88AE00FE43DA /* NotifyViewController.m */; };
		980871571E1B94E500FE43DA /* XHCFTitleButton.m in Sources */ = {isa = PBXBuildFile; fileRef = 980871561E1B94E500FE43DA /* XHCFTitleButton.m */; };
		9808715A1E1B993600FE43DA /* UIView+Frame.m in Sources */ = {isa = PBXBuildFile; fileRef = 980871591E1B993600FE43DA /* UIView+Frame.m */; };
		9808715D1E1BA0D200FE43DA /* ProductNewsViewController.m in Sources */ = {isa = PBXBuildFile; fileRef = 9808715C1E1BA0D200FE43DA /* ProductNewsViewController.m */; };
		980871601E1C86F200FE43DA /* UIColor+Hex.m in Sources */ = {isa = PBXBuildFile; fileRef = 9808715F1E1C86F200FE43DA /* UIColor+Hex.m */; };
		980871681E1C956300FE43DA /* ProductCell.m in Sources */ = {isa = PBXBuildFile; fileRef = 980871671E1C956300FE43DA /* ProductCell.m */; };
		9808716B1E1CA45900FE43DA /* DetailsViewController.m in Sources */ = {isa = PBXBuildFile; fileRef = 9808716A1E1CA45900FE43DA /* DetailsViewController.m */; };
		9808716E1E1CC30000FE43DA /* jijin_online@2x.png in Resources */ = {isa = PBXBuildFile; fileRef = 9808716C1E1CC30000FE43DA /* jijin_online@2x.png */; };
		9808716F1E1CC30000FE43DA /* jijin_online@3x.png in Resources */ = {isa = PBXBuildFile; fileRef = 9808716D1E1CC30000FE43DA /* jijin_online@3x.png */; };
		980871721E1CC30A00FE43DA /* safe_online@2x.png in Resources */ = {isa = PBXBuildFile; fileRef = 980871701E1CC30A00FE43DA /* safe_online@2x.png */; };
		980871731E1CC30A00FE43DA /* safe_online@3x.png in Resources */ = {isa = PBXBuildFile; fileRef = 980871711E1CC30A00FE43DA /* safe_online@3x.png */; };
		980871761E1CD36400FE43DA /* XHCFCoverView.m in Sources */ = {isa = PBXBuildFile; fileRef = 980871751E1CD36400FE43DA /* XHCFCoverView.m */; };
		980871791E1CF0DC00FE43DA /* InsuranceView.m in Sources */ = {isa = PBXBuildFile; fileRef = 980871781E1CF0DC00FE43DA /* InsuranceView.m */; };
		980871821E1DE3F100FE43DA /* FundView.m in Sources */ = {isa = PBXBuildFile; fileRef = 980871811E1DE3F100FE43DA /* FundView.m */; };
/* End PBXBuildFile section */

/* Begin PBXContainerItemProxy section */
		980871331E1B857000FE43DA /* PBXContainerItemProxy */ = {
			isa = PBXContainerItemProxy;
			containerPortal = 980871111E1B857000FE43DA /* Project object */;
			proxyType = 1;
			remoteGlobalIDString = 980871181E1B857000FE43DA;
			remoteInfo = xhcf;
		};
		9808713E1E1B857000FE43DA /* PBXContainerItemProxy */ = {
			isa = PBXContainerItemProxy;
			containerPortal = 980871111E1B857000FE43DA /* Project object */;
			proxyType = 1;
			remoteGlobalIDString = 980871181E1B857000FE43DA;
			remoteInfo = xhcf;
		};
/* End PBXContainerItemProxy section */

/* Begin PBXFileReference section */
		81B37AE11E1C121900B0A5BE /* PrefixHeader.pch */ = {isa = PBXFileReference; lastKnownFileType = sourcecode.c.h; path = PrefixHeader.pch; sourceTree = "<group>"; };
		980871191E1B857000FE43DA /* xhcf.app */ = {isa = PBXFileReference; explicitFileType = wrapper.application; includeInIndex = 0; path = xhcf.app; sourceTree = BUILT_PRODUCTS_DIR; };
		9808711D1E1B857000FE43DA /* main.m */ = {isa = PBXFileReference; lastKnownFileType = sourcecode.c.objc; path = main.m; sourceTree = "<group>"; };
		9808711F1E1B857000FE43DA /* AppDelegate.h */ = {isa = PBXFileReference; lastKnownFileType = sourcecode.c.h; path = AppDelegate.h; sourceTree = "<group>"; };
		980871201E1B857000FE43DA /* AppDelegate.m */ = {isa = PBXFileReference; lastKnownFileType = sourcecode.c.objc; path = AppDelegate.m; sourceTree = "<group>"; };
		980871261E1B857000FE43DA /* Base */ = {isa = PBXFileReference; lastKnownFileType = file.storyboard; name = Base; path = Base.lproj/Main.storyboard; sourceTree = "<group>"; };
		980871281E1B857000FE43DA /* Assets.xcassets */ = {isa = PBXFileReference; lastKnownFileType = folder.assetcatalog; path = Assets.xcassets; sourceTree = "<group>"; };
		9808712B1E1B857000FE43DA /* Base */ = {isa = PBXFileReference; lastKnownFileType = file.storyboard; name = Base; path = Base.lproj/LaunchScreen.storyboard; sourceTree = "<group>"; };
		9808712D1E1B857000FE43DA /* Info.plist */ = {isa = PBXFileReference; lastKnownFileType = text.plist.xml; path = Info.plist; sourceTree = "<group>"; };
		980871321E1B857000FE43DA /* xhcfTests.xctest */ = {isa = PBXFileReference; explicitFileType = wrapper.cfbundle; includeInIndex = 0; path = xhcfTests.xctest; sourceTree = BUILT_PRODUCTS_DIR; };
		980871361E1B857000FE43DA /* xhcfTests.m */ = {isa = PBXFileReference; lastKnownFileType = sourcecode.c.objc; path = xhcfTests.m; sourceTree = "<group>"; };
		980871381E1B857000FE43DA /* Info.plist */ = {isa = PBXFileReference; lastKnownFileType = text.plist.xml; path = Info.plist; sourceTree = "<group>"; };
		9808713D1E1B857000FE43DA /* xhcfUITests.xctest */ = {isa = PBXFileReference; explicitFileType = wrapper.cfbundle; includeInIndex = 0; path = xhcfUITests.xctest; sourceTree = BUILT_PRODUCTS_DIR; };
		980871411E1B857000FE43DA /* xhcfUITests.m */ = {isa = PBXFileReference; lastKnownFileType = sourcecode.c.objc; path = xhcfUITests.m; sourceTree = "<group>"; };
		980871431E1B857000FE43DA /* Info.plist */ = {isa = PBXFileReference; lastKnownFileType = text.plist.xml; path = Info.plist; sourceTree = "<group>"; };
		9808714F1E1B88AE00FE43DA /* NotifyViewController.h */ = {isa = PBXFileReference; fileEncoding = 4; lastKnownFileType = sourcecode.c.h; path = NotifyViewController.h; sourceTree = "<group>"; };
		980871501E1B88AE00FE43DA /* NotifyViewController.m */ = {isa = PBXFileReference; fileEncoding = 4; lastKnownFileType = sourcecode.c.objc; path = NotifyViewController.m; sourceTree = "<group>"; };
		980871551E1B94E500FE43DA /* XHCFTitleButton.h */ = {isa = PBXFileReference; fileEncoding = 4; lastKnownFileType = sourcecode.c.h; path = XHCFTitleButton.h; sourceTree = "<group>"; };
		980871561E1B94E500FE43DA /* XHCFTitleButton.m */ = {isa = PBXFileReference; fileEncoding = 4; lastKnownFileType = sourcecode.c.objc; path = XHCFTitleButton.m; sourceTree = "<group>"; };
		980871581E1B993600FE43DA /* UIView+Frame.h */ = {isa = PBXFileReference; fileEncoding = 4; lastKnownFileType = sourcecode.c.h; path = "UIView+Frame.h"; sourceTree = "<group>"; };
		980871591E1B993600FE43DA /* UIView+Frame.m */ = {isa = PBXFileReference; fileEncoding = 4; lastKnownFileType = sourcecode.c.objc; path = "UIView+Frame.m"; sourceTree = "<group>"; };
		9808715B1E1BA0D200FE43DA /* ProductNewsViewController.h */ = {isa = PBXFileReference; fileEncoding = 4; lastKnownFileType = sourcecode.c.h; path = ProductNewsViewController.h; sourceTree = "<group>"; };
		9808715C1E1BA0D200FE43DA /* ProductNewsViewController.m */ = {isa = PBXFileReference; fileEncoding = 4; lastKnownFileType = sourcecode.c.objc; path = ProductNewsViewController.m; sourceTree = "<group>"; };
		9808715E1E1C86F200FE43DA /* UIColor+Hex.h */ = {isa = PBXFileReference; fileEncoding = 4; lastKnownFileType = sourcecode.c.h; path = "UIColor+Hex.h"; sourceTree = "<group>"; };
		9808715F1E1C86F200FE43DA /* UIColor+Hex.m */ = {isa = PBXFileReference; fileEncoding = 4; lastKnownFileType = sourcecode.c.objc; path = "UIColor+Hex.m"; sourceTree = "<group>"; };
		980871661E1C956300FE43DA /* ProductCell.h */ = {isa = PBXFileReference; fileEncoding = 4; lastKnownFileType = sourcecode.c.h; path = ProductCell.h; sourceTree = "<group>"; };
		980871671E1C956300FE43DA /* ProductCell.m */ = {isa = PBXFileReference; fileEncoding = 4; lastKnownFileType = sourcecode.c.objc; path = ProductCell.m; sourceTree = "<group>"; };
		980871691E1CA45900FE43DA /* DetailsViewController.h */ = {isa = PBXFileReference; fileEncoding = 4; lastKnownFileType = sourcecode.c.h; path = DetailsViewController.h; sourceTree = "<group>"; };
		9808716A1E1CA45900FE43DA /* DetailsViewController.m */ = {isa = PBXFileReference; fileEncoding = 4; lastKnownFileType = sourcecode.c.objc; path = DetailsViewController.m; sourceTree = "<group>"; };
		9808716C1E1CC30000FE43DA /* jijin_online@2x.png */ = {isa = PBXFileReference; lastKnownFileType = image.png; path = "jijin_online@2x.png"; sourceTree = "<group>"; };
		9808716D1E1CC30000FE43DA /* jijin_online@3x.png */ = {isa = PBXFileReference; lastKnownFileType = image.png; path = "jijin_online@3x.png"; sourceTree = "<group>"; };
		980871701E1CC30A00FE43DA /* safe_online@2x.png */ = {isa = PBXFileReference; lastKnownFileType = image.png; path = "safe_online@2x.png"; sourceTree = "<group>"; };
		980871711E1CC30A00FE43DA /* safe_online@3x.png */ = {isa = PBXFileReference; lastKnownFileType = image.png; path = "safe_online@3x.png"; sourceTree = "<group>"; };
		980871741E1CD36400FE43DA /* XHCFCoverView.h */ = {isa = PBXFileReference; fileEncoding = 4; lastKnownFileType = sourcecode.c.h; path = XHCFCoverView.h; sourceTree = "<group>"; };
		980871751E1CD36400FE43DA /* XHCFCoverView.m */ = {isa = PBXFileReference; fileEncoding = 4; lastKnownFileType = sourcecode.c.objc; path = XHCFCoverView.m; sourceTree = "<group>"; };
		980871771E1CF0DC00FE43DA /* InsuranceView.h */ = {isa = PBXFileReference; fileEncoding = 4; lastKnownFileType = sourcecode.c.h; path = InsuranceView.h; sourceTree = "<group>"; };
		980871781E1CF0DC00FE43DA /* InsuranceView.m */ = {isa = PBXFileReference; fileEncoding = 4; lastKnownFileType = sourcecode.c.objc; path = InsuranceView.m; sourceTree = "<group>"; };
		980871801E1DE3F100FE43DA /* FundView.h */ = {isa = PBXFileReference; fileEncoding = 4; lastKnownFileType = sourcecode.c.h; path = FundView.h; sourceTree = "<group>"; };
		980871811E1DE3F100FE43DA /* FundView.m */ = {isa = PBXFileReference; fileEncoding = 4; lastKnownFileType = sourcecode.c.objc; path = FundView.m; sourceTree = "<group>"; };
/* End PBXFileReference section */

/* Begin PBXFrameworksBuildPhase section */
		980871161E1B857000FE43DA /* Frameworks */ = {
			isa = PBXFrameworksBuildPhase;
			buildActionMask = 2147483647;
			files = (
			);
			runOnlyForDeploymentPostprocessing = 0;
		};
		9808712F1E1B857000FE43DA /* Frameworks */ = {
			isa = PBXFrameworksBuildPhase;
			buildActionMask = 2147483647;
			files = (
			);
			runOnlyForDeploymentPostprocessing = 0;
		};
		9808713A1E1B857000FE43DA /* Frameworks */ = {
			isa = PBXFrameworksBuildPhase;
			buildActionMask = 2147483647;
			files = (
			);
			runOnlyForDeploymentPostprocessing = 0;
		};
/* End PBXFrameworksBuildPhase section */

/* Begin PBXGroup section */
		980871101E1B857000FE43DA = {
			isa = PBXGroup;
			children = (
				9808711B1E1B857000FE43DA /* xhcf */,
				980871351E1B857000FE43DA /* xhcfTests */,
				980871401E1B857000FE43DA /* xhcfUITests */,
				9808711A1E1B857000FE43DA /* Products */,
			);
			sourceTree = "<group>";
		};
		9808711A1E1B857000FE43DA /* Products */ = {
			isa = PBXGroup;
			children = (
				980871191E1B857000FE43DA /* xhcf.app */,
				980871321E1B857000FE43DA /* xhcfTests.xctest */,
				9808713D1E1B857000FE43DA /* xhcfUITests.xctest */,
			);
			name = Products;
			sourceTree = "<group>";
		};
		9808711B1E1B857000FE43DA /* xhcf */ = {
			isa = PBXGroup;
			children = (
				9808711F1E1B857000FE43DA /* AppDelegate.h */,
				980871201E1B857000FE43DA /* AppDelegate.m */,
				980871581E1B993600FE43DA /* UIView+Frame.h */,
				980871591E1B993600FE43DA /* UIView+Frame.m */,
				9808714F1E1B88AE00FE43DA /* NotifyViewController.h */,
				980871501E1B88AE00FE43DA /* NotifyViewController.m */,
				980871551E1B94E500FE43DA /* XHCFTitleButton.h */,
				980871561E1B94E500FE43DA /* XHCFTitleButton.m */,
				9808715B1E1BA0D200FE43DA /* ProductNewsViewController.h */,
				9808715C1E1BA0D200FE43DA /* ProductNewsViewController.m */,
				980871251E1B857000FE43DA /* Main.storyboard */,
				980871281E1B857000FE43DA /* Assets.xcassets */,
				9808712A1E1B857000FE43DA /* LaunchScreen.storyboard */,
				9808712D1E1B857000FE43DA /* Info.plist */,
				9808711C1E1B857000FE43DA /* Supporting Files */,
				81B37AE11E1C121900B0A5BE /* PrefixHeader.pch */,
				9808715E1E1C86F200FE43DA /* UIColor+Hex.h */,
				9808715F1E1C86F200FE43DA /* UIColor+Hex.m */,
				980871661E1C956300FE43DA /* ProductCell.h */,
				980871671E1C956300FE43DA /* ProductCell.m */,
				980871691E1CA45900FE43DA /* DetailsViewController.h */,
				9808716A1E1CA45900FE43DA /* DetailsViewController.m */,
				980871741E1CD36400FE43DA /* XHCFCoverView.h */,
				980871751E1CD36400FE43DA /* XHCFCoverView.m */,
				980871771E1CF0DC00FE43DA /* InsuranceView.h */,
				980871781E1CF0DC00FE43DA /* InsuranceView.m */,
				980871801E1DE3F100FE43DA /* FundView.h */,
				980871811E1DE3F100FE43DA /* FundView.m */,
			);
			path = xhcf;
			sourceTree = "<group>";
		};
		9808711C1E1B857000FE43DA /* Supporting Files */ = {
			isa = PBXGroup;
			children = (
				980871701E1CC30A00FE43DA /* safe_online@2x.png */,
				980871711E1CC30A00FE43DA /* safe_online@3x.png */,
				9808716C1E1CC30000FE43DA /* jijin_online@2x.png */,
				9808716D1E1CC30000FE43DA /* jijin_online@3x.png */,
				9808711D1E1B857000FE43DA /* main.m */,
			);
			name = "Supporting Files";
			sourceTree = "<group>";
		};
		980871351E1B857000FE43DA /* xhcfTests */ = {
			isa = PBXGroup;
			children = (
				980871361E1B857000FE43DA /* xhcfTests.m */,
				980871381E1B857000FE43DA /* Info.plist */,
			);
			path = xhcfTests;
			sourceTree = "<group>";
		};
		980871401E1B857000FE43DA /* xhcfUITests */ = {
			isa = PBXGroup;
			children = (
				980871411E1B857000FE43DA /* xhcfUITests.m */,
				980871431E1B857000FE43DA /* Info.plist */,
			);
			path = xhcfUITests;
			sourceTree = "<group>";
		};
/* End PBXGroup section */

/* Begin PBXNativeTarget section */
		980871181E1B857000FE43DA /* xhcf */ = {
			isa = PBXNativeTarget;
			buildConfigurationList = 980871461E1B857000FE43DA /* Build configuration list for PBXNativeTarget "xhcf" */;
			buildPhases = (
				980871151E1B857000FE43DA /* Sources */,
				980871161E1B857000FE43DA /* Frameworks */,
				980871171E1B857000FE43DA /* Resources */,
			);
			buildRules = (
			);
			dependencies = (
			);
			name = xhcf;
			productName = xhcf;
			productReference = 980871191E1B857000FE43DA /* xhcf.app */;
			productType = "com.apple.product-type.application";
		};
		980871311E1B857000FE43DA /* xhcfTests */ = {
			isa = PBXNativeTarget;
			buildConfigurationList = 980871491E1B857000FE43DA /* Build configuration list for PBXNativeTarget "xhcfTests" */;
			buildPhases = (
				9808712E1E1B857000FE43DA /* Sources */,
				9808712F1E1B857000FE43DA /* Frameworks */,
				980871301E1B857000FE43DA /* Resources */,
			);
			buildRules = (
			);
			dependencies = (
				980871341E1B857000FE43DA /* PBXTargetDependency */,
			);
			name = xhcfTests;
			productName = xhcfTests;
			productReference = 980871321E1B857000FE43DA /* xhcfTests.xctest */;
			productType = "com.apple.product-type.bundle.unit-test";
		};
		9808713C1E1B857000FE43DA /* xhcfUITests */ = {
			isa = PBXNativeTarget;
			buildConfigurationList = 9808714C1E1B857000FE43DA /* Build configuration list for PBXNativeTarget "xhcfUITests" */;
			buildPhases = (
				980871391E1B857000FE43DA /* Sources */,
				9808713A1E1B857000FE43DA /* Frameworks */,
				9808713B1E1B857000FE43DA /* Resources */,
			);
			buildRules = (
			);
			dependencies = (
				9808713F1E1B857000FE43DA /* PBXTargetDependency */,
			);
			name = xhcfUITests;
			productName = xhcfUITests;
			productReference = 9808713D1E1B857000FE43DA /* xhcfUITests.xctest */;
			productType = "com.apple.product-type.bundle.ui-testing";
		};
/* End PBXNativeTarget section */

/* Begin PBXProject section */
		980871111E1B857000FE43DA /* Project object */ = {
			isa = PBXProject;
			attributes = {
				LastUpgradeCheck = 0810;
				ORGANIZATIONNAME = Ethan;
				TargetAttributes = {
					980871181E1B857000FE43DA = {
						CreatedOnToolsVersion = 8.1;
						DevelopmentTeam = BUVB58985G;
						ProvisioningStyle = Automatic;
					};
					980871311E1B857000FE43DA = {
						CreatedOnToolsVersion = 8.1;
						DevelopmentTeam = M63N4H4TAL;
						ProvisioningStyle = Automatic;
						TestTargetID = 980871181E1B857000FE43DA;
					};
					9808713C1E1B857000FE43DA = {
						CreatedOnToolsVersion = 8.1;
						DevelopmentTeam = M63N4H4TAL;
						ProvisioningStyle = Automatic;
						TestTargetID = 980871181E1B857000FE43DA;
					};
				};
			};
			buildConfigurationList = 980871141E1B857000FE43DA /* Build configuration list for PBXProject "xhcf" */;
			compatibilityVersion = "Xcode 3.2";
			developmentRegion = English;
			hasScannedForEncodings = 0;
			knownRegions = (
				en,
				Base,
			);
			mainGroup = 980871101E1B857000FE43DA;
			productRefGroup = 9808711A1E1B857000FE43DA /* Products */;
			projectDirPath = "";
			projectRoot = "";
			targets = (
				980871181E1B857000FE43DA /* xhcf */,
				980871311E1B857000FE43DA /* xhcfTests */,
				9808713C1E1B857000FE43DA /* xhcfUITests */,
			);
		};
/* End PBXProject section */

/* Begin PBXResourcesBuildPhase section */
		980871171E1B857000FE43DA /* Resources */ = {
			isa = PBXResourcesBuildPhase;
			buildActionMask = 2147483647;
			files = (
				9808716E1E1CC30000FE43DA /* jijin_online@2x.png in Resources */,
				9808712C1E1B857000FE43DA /* LaunchScreen.storyboard in Resources */,
				980871721E1CC30A00FE43DA /* safe_online@2x.png in Resources */,
				980871291E1B857000FE43DA /* Assets.xcassets in Resources */,
				980871731E1CC30A00FE43DA /* safe_online@3x.png in Resources */,
				980871271E1B857000FE43DA /* Main.storyboard in Resources */,
				9808716F1E1CC30000FE43DA /* jijin_online@3x.png in Resources */,
			);
			runOnlyForDeploymentPostprocessing = 0;
		};
		980871301E1B857000FE43DA /* Resources */ = {
			isa = PBXResourcesBuildPhase;
			buildActionMask = 2147483647;
			files = (
			);
			runOnlyForDeploymentPostprocessing = 0;
		};
		9808713B1E1B857000FE43DA /* Resources */ = {
			isa = PBXResourcesBuildPhase;
			buildActionMask = 2147483647;
			files = (
			);
			runOnlyForDeploymentPostprocessing = 0;
		};
/* End PBXResourcesBuildPhase section */

/* Begin PBXSourcesBuildPhase section */
		980871151E1B857000FE43DA /* Sources */ = {
			isa = PBXSourcesBuildPhase;
			buildActionMask = 2147483647;
			files = (
				980871511E1B88AE00FE43DA /* NotifyViewController.m in Sources */,
				980871761E1CD36400FE43DA /* XHCFCoverView.m in Sources */,
				980871681E1C956300FE43DA /* ProductCell.m in Sources */,
				980871211E1B857000FE43DA /* AppDelegate.m in Sources */,
				9808711E1E1B857000FE43DA /* main.m in Sources */,
				980871821E1DE3F100FE43DA /* FundView.m in Sources */,
				980871791E1CF0DC00FE43DA /* InsuranceView.m in Sources */,
				9808715D1E1BA0D200FE43DA /* ProductNewsViewController.m in Sources */,
				980871601E1C86F200FE43DA /* UIColor+Hex.m in Sources */,
				9808716B1E1CA45900FE43DA /* DetailsViewController.m in Sources */,
				9808715A1E1B993600FE43DA /* UIView+Frame.m in Sources */,
				980871571E1B94E500FE43DA /* XHCFTitleButton.m in Sources */,
			);
			runOnlyForDeploymentPostprocessing = 0;
		};
		9808712E1E1B857000FE43DA /* Sources */ = {
			isa = PBXSourcesBuildPhase;
			buildActionMask = 2147483647;
			files = (
				980871371E1B857000FE43DA /* xhcfTests.m in Sources */,
			);
			runOnlyForDeploymentPostprocessing = 0;
		};
		980871391E1B857000FE43DA /* Sources */ = {
			isa = PBXSourcesBuildPhase;
			buildActionMask = 2147483647;
			files = (
				980871421E1B857000FE43DA /* xhcfUITests.m in Sources */,
			);
			runOnlyForDeploymentPostprocessing = 0;
		};
/* End PBXSourcesBuildPhase section */

/* Begin PBXTargetDependency section */
		980871341E1B857000FE43DA /* PBXTargetDependency */ = {
			isa = PBXTargetDependency;
			target = 980871181E1B857000FE43DA /* xhcf */;
			targetProxy = 980871331E1B857000FE43DA /* PBXContainerItemProxy */;
		};
		9808713F1E1B857000FE43DA /* PBXTargetDependency */ = {
			isa = PBXTargetDependency;
			target = 980871181E1B857000FE43DA /* xhcf */;
			targetProxy = 9808713E1E1B857000FE43DA /* PBXContainerItemProxy */;
		};
/* End PBXTargetDependency section */

/* Begin PBXVariantGroup section */
		980871251E1B857000FE43DA /* Main.storyboard */ = {
			isa = PBXVariantGroup;
			children = (
				980871261E1B857000FE43DA /* Base */,
			);
			name = Main.storyboard;
			sourceTree = "<group>";
		};
		9808712A1E1B857000FE43DA /* LaunchScreen.storyboard */ = {
			isa = PBXVariantGroup;
			children = (
				9808712B1E1B857000FE43DA /* Base */,
			);
			name = LaunchScreen.storyboard;
			sourceTree = "<group>";
		};
/* End PBXVariantGroup section */

/* Begin XCBuildConfiguration section */
		980871441E1B857000FE43DA /* Debug */ = {
			isa = XCBuildConfiguration;
			buildSettings = {
				ALWAYS_SEARCH_USER_PATHS = NO;
				CLANG_ANALYZER_NONNULL = YES;
				CLANG_CXX_LANGUAGE_STANDARD = "gnu++0x";
				CLANG_CXX_LIBRARY = "libc++";
				CLANG_ENABLE_MODULES = YES;
				CLANG_ENABLE_OBJC_ARC = YES;
				CLANG_WARN_BOOL_CONVERSION = YES;
				CLANG_WARN_CONSTANT_CONVERSION = YES;
				CLANG_WARN_DIRECT_OBJC_ISA_USAGE = YES_ERROR;
				CLANG_WARN_DOCUMENTATION_COMMENTS = YES;
				CLANG_WARN_EMPTY_BODY = YES;
				CLANG_WARN_ENUM_CONVERSION = YES;
				CLANG_WARN_INFINITE_RECURSION = YES;
				CLANG_WARN_INT_CONVERSION = YES;
				CLANG_WARN_OBJC_ROOT_CLASS = YES_ERROR;
				CLANG_WARN_SUSPICIOUS_MOVES = YES;
				CLANG_WARN_UNREACHABLE_CODE = YES;
				CLANG_WARN__DUPLICATE_METHOD_MATCH = YES;
				"CODE_SIGN_IDENTITY[sdk=iphoneos*]" = "iPhone Developer";
				COPY_PHASE_STRIP = NO;
				DEBUG_INFORMATION_FORMAT = dwarf;
				ENABLE_STRICT_OBJC_MSGSEND = YES;
				ENABLE_TESTABILITY = YES;
				GCC_C_LANGUAGE_STANDARD = gnu99;
				GCC_DYNAMIC_NO_PIC = NO;
				GCC_NO_COMMON_BLOCKS = YES;
				GCC_OPTIMIZATION_LEVEL = 0;
				GCC_PREPROCESSOR_DEFINITIONS = (
					"DEBUG=1",
					"$(inherited)",
				);
				GCC_WARN_64_TO_32_BIT_CONVERSION = YES;
				GCC_WARN_ABOUT_RETURN_TYPE = YES_ERROR;
				GCC_WARN_UNDECLARED_SELECTOR = YES;
				GCC_WARN_UNINITIALIZED_AUTOS = YES_AGGRESSIVE;
				GCC_WARN_UNUSED_FUNCTION = YES;
				GCC_WARN_UNUSED_VARIABLE = YES;
				IPHONEOS_DEPLOYMENT_TARGET = 10.1;
				MTL_ENABLE_DEBUG_INFO = YES;
				ONLY_ACTIVE_ARCH = YES;
				SDKROOT = iphoneos;
			};
			name = Debug;
		};
		980871451E1B857000FE43DA /* Release */ = {
			isa = XCBuildConfiguration;
			buildSettings = {
				ALWAYS_SEARCH_USER_PATHS = NO;
				CLANG_ANALYZER_NONNULL = YES;
				CLANG_CXX_LANGUAGE_STANDARD = "gnu++0x";
				CLANG_CXX_LIBRARY = "libc++";
				CLANG_ENABLE_MODULES = YES;
				CLANG_ENABLE_OBJC_ARC = YES;
				CLANG_WARN_BOOL_CONVERSION = YES;
				CLANG_WARN_CONSTANT_CONVERSION = YES;
				CLANG_WARN_DIRECT_OBJC_ISA_USAGE = YES_ERROR;
				CLANG_WARN_DOCUMENTATION_COMMENTS = YES;
				CLANG_WARN_EMPTY_BODY = YES;
				CLANG_WARN_ENUM_CONVERSION = YES;
				CLANG_WARN_INFINITE_RECURSION = YES;
				CLANG_WARN_INT_CONVERSION = YES;
				CLANG_WARN_OBJC_ROOT_CLASS = YES_ERROR;
				CLANG_WARN_SUSPICIOUS_MOVES = YES;
				CLANG_WARN_UNREACHABLE_CODE = YES;
				CLANG_WARN__DUPLICATE_METHOD_MATCH = YES;
				"CODE_SIGN_IDENTITY[sdk=iphoneos*]" = "iPhone Developer";
				COPY_PHASE_STRIP = NO;
				DEBUG_INFORMATION_FORMAT = "dwarf-with-dsym";
				ENABLE_NS_ASSERTIONS = NO;
				ENABLE_STRICT_OBJC_MSGSEND = YES;
				GCC_C_LANGUAGE_STANDARD = gnu99;
				GCC_NO_COMMON_BLOCKS = YES;
				GCC_WARN_64_TO_32_BIT_CONVERSION = YES;
				GCC_WARN_ABOUT_RETURN_TYPE = YES_ERROR;
				GCC_WARN_UNDECLARED_SELECTOR = YES;
				GCC_WARN_UNINITIALIZED_AUTOS = YES_AGGRESSIVE;
				GCC_WARN_UNUSED_FUNCTION = YES;
				GCC_WARN_UNUSED_VARIABLE = YES;
				IPHONEOS_DEPLOYMENT_TARGET = 10.1;
				MTL_ENABLE_DEBUG_INFO = NO;
				SDKROOT = iphoneos;
				VALIDATE_PRODUCT = YES;
			};
			name = Release;
		};
		980871471E1B857000FE43DA /* Debug */ = {
			isa = XCBuildConfiguration;
			buildSettings = {
				ASSETCATALOG_COMPILER_APPICON_NAME = AppIcon;
				CODE_SIGN_IDENTITY = "iPhone Developer";
				DEVELOPMENT_TEAM = BUVB58985G;
				GCC_PRECOMPILE_PREFIX_HEADER = YES;
				GCC_PREFIX_HEADER = "$(SRCROOT)/xhcf/PrefixHeader.pch";
				INFOPLIST_FILE = xhcf/Info.plist;
				IPHONEOS_DEPLOYMENT_TARGET = 8.0;
				LD_RUNPATH_SEARCH_PATHS = "$(inherited) @executable_path/Frameworks";
				PRODUCT_BUNDLE_IDENTIFIER = galaxy.xhcf;
				PRODUCT_NAME = "$(TARGET_NAME)";
			};
			name = Debug;
		};
		980871481E1B857000FE43DA /* Release */ = {
			isa = XCBuildConfiguration;
			buildSettings = {
				ASSETCATALOG_COMPILER_APPICON_NAME = AppIcon;
				CODE_SIGN_IDENTITY = "iPhone Developer";
				DEVELOPMENT_TEAM = BUVB58985G;
				GCC_PRECOMPILE_PREFIX_HEADER = YES;
				GCC_PREFIX_HEADER = "$(SRCROOT)/xhcf/PrefixHeader.pch";
				INFOPLIST_FILE = xhcf/Info.plist;
				IPHONEOS_DEPLOYMENT_TARGET = 8.0;
				LD_RUNPATH_SEARCH_PATHS = "$(inherited) @executable_path/Frameworks";
				PRODUCT_BUNDLE_IDENTIFIER = galaxy.xhcf;
				PRODUCT_NAME = "$(TARGET_NAME)";
			};
			name = Release;
		};
		9808714A1E1B857000FE43DA /* Debug */ = {
			isa = XCBuildConfiguration;
			buildSettings = {
				BUNDLE_LOADER = "$(TEST_HOST)";
				DEVELOPMENT_TEAM = M63N4H4TAL;
				INFOPLIST_FILE = xhcfTests/Info.plist;
				LD_RUNPATH_SEARCH_PATHS = "$(inherited) @executable_path/Frameworks @loader_path/Frameworks";
				PRODUCT_BUNDLE_IDENTIFIER = galaxy.xhcfTests;
				PRODUCT_NAME = "$(TARGET_NAME)";
				TEST_HOST = "$(BUILT_PRODUCTS_DIR)/xhcf.app/xhcf";
			};
			name = Debug;
		};
		9808714B1E1B857000FE43DA /* Release */ = {
			isa = XCBuildConfiguration;
			buildSettings = {
				BUNDLE_LOADER = "$(TEST_HOST)";
				DEVELOPMENT_TEAM = M63N4H4TAL;
				INFOPLIST_FILE = xhcfTests/Info.plist;
				LD_RUNPATH_SEARCH_PATHS = "$(inherited) @executable_path/Frameworks @loader_path/Frameworks";
				PRODUCT_BUNDLE_IDENTIFIER = galaxy.xhcfTests;
				PRODUCT_NAME = "$(TARGET_NAME)";
				TEST_HOST = "$(BUILT_PRODUCTS_DIR)/xhcf.app/xhcf";
			};
			name = Release;
		};
		9808714D1E1B857000FE43DA /* Debug */ = {
			isa = XCBuildConfiguration;
			buildSettings = {
				DEVELOPMENT_TEAM = M63N4H4TAL;
				INFOPLIST_FILE = xhcfUITests/Info.plist;
				LD_RUNPATH_SEARCH_PATHS = "$(inherited) @executable_path/Frameworks @loader_path/Frameworks";
				PRODUCT_BUNDLE_IDENTIFIER = galaxy.xhcfUITests;
				PRODUCT_NAME = "$(TARGET_NAME)";
				TEST_TARGET_NAME = xhcf;
			};
			name = Debug;
		};
		9808714E1E1B857000FE43DA /* Release */ = {
			isa = XCBuildConfiguration;
			buildSettings = {
				DEVELOPMENT_TEAM = M63N4H4TAL;
				INFOPLIST_FILE = xhcfUITests/Info.plist;
				LD_RUNPATH_SEARCH_PATHS = "$(inherited) @executable_path/Frameworks @loader_path/Frameworks";
				PRODUCT_BUNDLE_IDENTIFIER = galaxy.xhcfUITests;
				PRODUCT_NAME = "$(TARGET_NAME)";
				TEST_TARGET_NAME = xhcf;
			};
			name = Release;
		};
/* End XCBuildConfiguration section */

/* Begin XCConfigurationList section */
		980871141E1B857000FE43DA /* Build configuration list for PBXProject "xhcf" */ = {
			isa = XCConfigurationList;
			buildConfigurations = (
				980871441E1B857000FE43DA /* Debug */,
				980871451E1B857000FE43DA /* Release */,
			);
			defaultConfigurationIsVisible = 0;
			defaultConfigurationName = Release;
		};
		980871461E1B857000FE43DA /* Build configuration list for PBXNativeTarget "xhcf" */ = {
			isa = XCConfigurationList;
			buildConfigurations = (
				980871471E1B857000FE43DA /* Debug */,
				980871481E1B857000FE43DA /* Release */,
			);
			defaultConfigurationIsVisible = 0;
			defaultConfigurationName = Release;
		};
		980871491E1B857000FE43DA /* Build configuration list for PBXNativeTarget "xhcfTests" */ = {
			isa = XCConfigurationList;
			buildConfigurations = (
				9808714A1E1B857000FE43DA /* Debug */,
				9808714B1E1B857000FE43DA /* Release */,
			);
			defaultConfigurationIsVisible = 0;
			defaultConfigurationName = Release;
		};
		9808714C1E1B857000FE43DA /* Build configuration list for PBXNativeTarget "xhcfUITests" */ = {
			isa = XCConfigurationList;
			buildConfigurations = (
				9808714D1E1B857000FE43DA /* Debug */,
				9808714E1E1B857000FE43DA /* Release */,
			);
			defaultConfigurationIsVisible = 0;
			defaultConfigurationName = Release;
		};
/* End XCConfigurationList section */
	};
	rootObject = 980871111E1B857000FE43DA /* Project object */;
}
